// !$*UTF8*$!
{
	archiveVersion = 1;
	classes = {
	};
	objectVersion = 50;
	objects = {

/* Begin PBXBuildFile section */
		842D7C0C25DACE3500F05D40 /* AppDelegate.swift in Sources */ = {isa = PBXBuildFile; fileRef = 842D7C0B25DACE3500F05D40 /* AppDelegate.swift */; };
		842D7C0E25DACE3500F05D40 /* SceneDelegate.swift in Sources */ = {isa = PBXBuildFile; fileRef = 842D7C0D25DACE3500F05D40 /* SceneDelegate.swift */; };
		842D7C1025DACE3500F05D40 /* ViewController.swift in Sources */ = {isa = PBXBuildFile; fileRef = 842D7C0F25DACE3500F05D40 /* ViewController.swift */; };
		842D7C1325DACE3500F05D40 /* Main.storyboard in Resources */ = {isa = PBXBuildFile; fileRef = 842D7C1125DACE3500F05D40 /* Main.storyboard */; };
		842D7C1525DACE3900F05D40 /* Assets.xcassets in Resources */ = {isa = PBXBuildFile; fileRef = 842D7C1425DACE3900F05D40 /* Assets.xcassets */; };
		842D7C1825DACE3900F05D40 /* LaunchScreen.storyboard in Resources */ = {isa = PBXBuildFile; fileRef = 842D7C1625DACE3900F05D40 /* LaunchScreen.storyboard */; };
		84C688E825DEC7450005197E /* H.WAV in Resources */ = {isa = PBXBuildFile; fileRef = 84C688E725DEC7450005197E /* H.WAV */; };
/* End PBXBuildFile section */

/* Begin PBXFileReference section */
		842D7C0825DACE3500F05D40 /* ShootMetronome.app */ = {isa = PBXFileReference; explicitFileType = wrapper.application; includeInIndex = 0; path = ShootMetronome.app; sourceTree = BUILT_PRODUCTS_DIR; };
		842D7C0B25DACE3500F05D40 /* AppDelegate.swift */ = {isa = PBXFileReference; lastKnownFileType = sourcecode.swift; path = AppDelegate.swift; sourceTree = "<group>"; };
		842D7C0D25DACE3500F05D40 /* SceneDelegate.swift */ = {isa = PBXFileReference; lastKnownFileType = sourcecode.swift; path = SceneDelegate.swift; sourceTree = "<group>"; };
		842D7C0F25DACE3500F05D40 /* ViewController.swift */ = {isa = PBXFileReference; lastKnownFileType = sourcecode.swift; path = ViewController.swift; sourceTree = "<group>"; };
		842D7C1225DACE3500F05D40 /* Base */ = {isa = PBXFileReference; lastKnownFileType = file.storyboard; name = Base; path = Base.lproj/Main.storyboard; sourceTree = "<group>"; };
		842D7C1425DACE3900F05D40 /* Assets.xcassets */ = {isa = PBXFileReference; lastKnownFileType = folder.assetcatalog; path = Assets.xcassets; sourceTree = "<group>"; };
		842D7C1725DACE3900F05D40 /* Base */ = {isa = PBXFileReference; lastKnownFileType = file.storyboard; name = Base; path = Base.lproj/LaunchScreen.storyboard; sourceTree = "<group>"; };
		842D7C1925DACE3900F05D40 /* Info.plist */ = {isa = PBXFileReference; lastKnownFileType = text.plist.xml; path = Info.plist; sourceTree = "<group>"; };
		84C688E725DEC7450005197E /* H.WAV */ = {isa = PBXFileReference; lastKnownFileType = audio.wav; name = H.WAV; path = ../../H.WAV; sourceTree = "<group>"; };
/* End PBXFileReference section */

/* Begin PBXFrameworksBuildPhase section */
		842D7C0525DACE3500F05D40 /* Frameworks */ = {
			isa = PBXFrameworksBuildPhase;
			buildActionMask = 2147483647;
			files = (
			);
			runOnlyForDeploymentPostprocessing = 0;
		};
/* End PBXFrameworksBuildPhase section */

/* Begin PBXGroup section */
		842D7BFF25DACE3500F05D40 = {
			isa = PBXGroup;
			children = (
				842D7C0A25DACE3500F05D40 /* ShootMetronome */,
				842D7C0925DACE3500F05D40 /* Products */,
			);
			sourceTree = "<group>";
		};
		842D7C0925DACE3500F05D40 /* Products */ = {
			isa = PBXGroup;
			children = (
				842D7C0825DACE3500F05D40 /* ShootMetronome.app */,
			);
			name = Products;
			sourceTree = "<group>";
		};
		842D7C0A25DACE3500F05D40 /* ShootMetronome */ = {
			isa = PBXGroup;
			children = (
				842D7C0B25DACE3500F05D40 /* AppDelegate.swift */,
				842D7C0D25DACE3500F05D40 /* SceneDelegate.swift */,
				842D7C0F25DACE3500F05D40 /* ViewController.swift */,
				842D7C1125DACE3500F05D40 /* Main.storyboard */,
				84C688E725DEC7450005197E /* H.WAV */,
				842D7C1425DACE3900F05D40 /* Assets.xcassets */,
				842D7C1625DACE3900F05D40 /* LaunchScreen.storyboard */,
				842D7C1925DACE3900F05D40 /* Info.plist */,
			);
			path = ShootMetronome;
			sourceTree = "<group>";
		};
/* End PBXGroup section */

/* Begin PBXNativeTarget section */
		842D7C0725DACE3500F05D40 /* ShootMetronome */ = {
			isa = PBXNativeTarget;
			buildConfigurationList = 842D7C1C25DACE3900F05D40 /* Build configuration list for PBXNativeTarget "ShootMetronome" */;
			buildPhases = (
				842D7C0425DACE3500F05D40 /* Sources */,
				842D7C0525DACE3500F05D40 /* Frameworks */,
				842D7C0625DACE3500F05D40 /* Resources */,
			);
			buildRules = (
			);
			dependencies = (
			);
			name = ShootMetronome;
			productName = metronomSetudy;
			productReference = 842D7C0825DACE3500F05D40 /* ShootMetronome.app */;
			productType = "com.apple.product-type.application";
		};
/* End PBXNativeTarget section */

/* Begin PBXProject section */
		842D7C0025DACE3500F05D40 /* Project object */ = {
			isa = PBXProject;
			attributes = {
				LastSwiftUpdateCheck = 1230;
				LastUpgradeCheck = 1230;
				TargetAttributes = {
					842D7C0725DACE3500F05D40 = {
						CreatedOnToolsVersion = 12.3;
					};
				};
			};
			buildConfigurationList = 842D7C0325DACE3500F05D40 /* Build configuration list for PBXProject "ShootMetronome" */;
			compatibilityVersion = "Xcode 9.3";
			developmentRegion = en;
			hasScannedForEncodings = 0;
			knownRegions = (
				en,
				Base,
			);
			mainGroup = 842D7BFF25DACE3500F05D40;
			productRefGroup = 842D7C0925DACE3500F05D40 /* Products */;
			projectDirPath = "";
			projectRoot = "";
			targets = (
				842D7C0725DACE3500F05D40 /* ShootMetronome */,
			);
		};
/* End PBXProject section */

/* Begin PBXResourcesBuildPhase section */
		842D7C0625DACE3500F05D40 /* Resources */ = {
			isa = PBXResourcesBuildPhase;
			buildActionMask = 2147483647;
			files = (
				842D7C1825DACE3900F05D40 /* LaunchScreen.storyboard in Resources */,
				84C688E825DEC7450005197E /* H.WAV in Resources */,
				842D7C1525DACE3900F05D40 /* Assets.xcassets in Resources */,
				842D7C1325DACE3500F05D40 /* Main.storyboard in Resources */,
			);
			runOnlyForDeploymentPostprocessing = 0;
		};
/* End PBXResourcesBuildPhase section */

/* Begin PBXSourcesBuildPhase section */
		842D7C0425DACE3500F05D40 /* Sources */ = {
			isa = PBXSourcesBuildPhase;
			buildActionMask = 2147483647;
			files = (
				842D7C1025DACE3500F05D40 /* ViewController.swift in Sources */,
				842D7C0C25DACE3500F05D40 /* AppDelegate.swift in Sources */,
				842D7C0E25DACE3500F05D40 /* SceneDelegate.swift in Sources */,
			);
			runOnlyForDeploymentPostprocessing = 0;
		};
/* End PBXSourcesBuildPhase section */

/* Begin PBXVariantGroup section */
		842D7C1125DACE3500F05D40 /* Main.storyboard */ = {
			isa = PBXVariantGroup;
			children = (
				842D7C1225DACE3500F05D40 /* Base */,
			);
			name = Main.storyboard;
			sourceTree = "<group>";
		};
		842D7C1625DACE3900F05D40 /* LaunchScreen.storyboard */ = {
			isa = PBXVariantGroup;
			children = (
				842D7C1725DACE3900F05D40 /* Base */,
			);
			name = LaunchScreen.storyboard;
			sourceTree = "<group>";
		};
/* End PBXVariantGroup section */

/* Begin XCBuildConfiguration section */
		842D7C1A25DACE3900F05D40 /* Debug */ = {
			isa = XCBuildConfiguration;
			buildSettings = {
				ALWAYS_SEARCH_USER_PATHS = NO;
				CLANG_ANALYZER_NONNULL = YES;
				CLANG_ANALYZER_NUMBER_OBJECT_CONVERSION = YES_AGGRESSIVE;
				CLANG_CXX_LANGUAGE_STANDARD = "gnu++14";
				CLANG_CXX_LIBRARY = "libc++";
				CLANG_ENABLE_MODULES = YES;
				CLANG_ENABLE_OBJC_ARC = YES;
				CLANG_ENABLE_OBJC_WEAK = YES;
				CLANG_WARN_BLOCK_CAPTURE_AUTORELEASING = YES;
				CLANG_WARN_BOOL_CONVERSION = YES;
				CLANG_WARN_COMMA = YES;
				CLANG_WARN_CONSTANT_CONVERSION = YES;
				CLANG_WARN_DEPRECATED_OBJC_IMPLEMENTATIONS = YES;
				CLANG_WARN_DIRECT_OBJC_ISA_USAGE = YES_ERROR;
				CLANG_WARN_DOCUMENTATION_COMMENTS = YES;
				CLANG_WARN_EMPTY_BODY = YES;
				CLANG_WARN_ENUM_CONVERSION = YES;
				CLANG_WARN_INFINITE_RECURSION = YES;
				CLANG_WARN_INT_CONVERSION = YES;
				CLANG_WARN_NON_LITERAL_NULL_CONVERSION = YES;
				CLANG_WARN_OBJC_IMPLICIT_RETAIN_SELF = YES;
				CLANG_WARN_OBJC_LITERAL_CONVERSION = YES;
				CLANG_WARN_OBJC_ROOT_CLASS = YES_ERROR;
				CLANG_WARN_QUOTED_INCLUDE_IN_FRAMEWORK_HEADER = YES;
				CLANG_WARN_RANGE_LOOP_ANALYSIS = YES;
				CLANG_WARN_STRICT_PROTOTYPES = YES;
				CLANG_WARN_SUSPICIOUS_MOVE = YES;
				CLANG_WARN_UNGUARDED_AVAILABILITY = YES_AGGRESSIVE;
				CLANG_WARN_UNREACHABLE_CODE = YES;
				CLANG_WARN__DUPLICATE_METHOD_MATCH = YES;
				COPY_PHASE_STRIP = NO;
				DEBUG_INFORMATION_FORMAT = dwarf;
				ENABLE_STRICT_OBJC_MSGSEND = YES;
				ENABLE_TESTABILITY = YES;
				GCC_C_LANGUAGE_STANDARD = gnu11;
				GCC_DYNAMIC_NO_PIC = NO;
				GCC_NO_COMMON_BLOCKS = YES;
				GCC_OPTIMIZATION_LEVEL = 0;
				GCC_PREPROCESSOR_DEFINITIONS = (
					"DEBUG=1",
					"$(inherited)",
				);
				GCC_WARN_64_TO_32_BIT_CONVERSION = YES;
				GCC_WARN_ABOUT_RETURN_TYPE = YES_ERROR;
				GCC_WARN_UNDECLARED_SELECTOR = YES;
				GCC_WARN_UNINITIALIZED_AUTOS = YES_AGGRESSIVE;
				GCC_WARN_UNUSED_FUNCTION = YES;
				GCC_WARN_UNUSED_VARIABLE = YES;
				IPHONEOS_DEPLOYMENT_TARGET = 14.3;
				MTL_ENABLE_DEBUG_INFO = INCLUDE_SOURCE;
				MTL_FAST_MATH = YES;
				ONLY_ACTIVE_ARCH = YES;
				SDKROOT = iphoneos;
				SWIFT_ACTIVE_COMPILATION_CONDITIONS = DEBUG;
				SWIFT_OPTIMIZATION_LEVEL = "-Onone";
			};
			name = Debug;
		};
		842D7C1B25DACE3900F05D40 /* Release */ = {
			isa = XCBuildConfiguration;
			buildSettings = {
				ALWAYS_SEARCH_USER_PATHS = NO;
				CLANG_ANALYZER_NONNULL = YES;
				CLANG_ANALYZER_NUMBER_OBJECT_CONVERSION = YES_AGGRESSIVE;
				CLANG_CXX_LANGUAGE_STANDARD = "gnu++14";
				CLANG_CXX_LIBRARY = "libc++";
				CLANG_ENABLE_MODULES = YES;
				CLANG_ENABLE_OBJC_ARC = YES;
				CLANG_ENABLE_OBJC_WEAK = YES;
				CLANG_WARN_BLOCK_CAPTURE_AUTORELEASING = YES;
				CLANG_WARN_BOOL_CONVERSION = YES;
				CLANG_WARN_COMMA = YES;
				CLANG_WARN_CONSTANT_CONVERSION = YES;
				CLANG_WARN_DEPRECATED_OBJC_IMPLEMENTATIONS = YES;
				CLANG_WARN_DIRECT_OBJC_ISA_USAGE = YES_ERROR;
				CLANG_WARN_DOCUMENTATION_COMMENTS = YES;
				CLANG_WARN_EMPTY_BODY = YES;
				CLANG_WARN_ENUM_CONVERSION = YES;
				CLANG_WARN_INFINITE_RECURSION = YES;
				CLANG_WARN_INT_CONVERSION = YES;
				CLANG_WARN_NON_LITERAL_NULL_CONVERSION = YES;
				CLANG_WARN_OBJC_IMPLICIT_RETAIN_SELF = YES;
				CLANG_WARN_OBJC_LITERAL_CONVERSION = YES;
				CLANG_WARN_OBJC_ROOT_CLASS = YES_ERROR;
				CLANG_WARN_QUOTED_INCLUDE_IN_FRAMEWORK_HEADER = YES;
				CLANG_WARN_RANGE_LOOP_ANALYSIS = YES;
				CLANG_WARN_STRICT_PROTOTYPES = YES;
				CLANG_WARN_SUSPICIOUS_MOVE = YES;
				CLANG_WARN_UNGUARDED_AVAILABILITY = YES_AGGRESSIVE;
				CLANG_WARN_UNREACHABLE_CODE = YES;
				CLANG_WARN__DUPLICATE_METHOD_MATCH = YES;
				COPY_PHASE_STRIP = NO;
				DEBUG_INFORMATION_FORMAT = "dwarf-with-dsym";
				ENABLE_NS_ASSERTIONS = NO;
				ENABLE_STRICT_OBJC_MSGSEND = YES;
				GCC_C_LANGUAGE_STANDARD = gnu11;
				GCC_NO_COMMON_BLOCKS = YES;
				GCC_WARN_64_TO_32_BIT_CONVERSION = YES;
				GCC_WARN_ABOUT_RETURN_TYPE = YES_ERROR;
				GCC_WARN_UNDECLARED_SELECTOR = YES;
				GCC_WARN_UNINITIALIZED_AUTOS = YES_AGGRESSIVE;
				GCC_WARN_UNUSED_FUNCTION = YES;
				GCC_WARN_UNUSED_VARIABLE = YES;
				IPHONEOS_DEPLOYMENT_TARGET = 14.3;
				MTL_ENABLE_DEBUG_INFO = NO;
				MTL_FAST_MATH = YES;
				SDKROOT = iphoneos;
				SWIFT_COMPILATION_MODE = wholemodule;
				SWIFT_OPTIMIZATION_LEVEL = "-O";
				VALIDATE_PRODUCT = YES;
			};
			name = Release;
		};
		842D7C1D25DACE3900F05D40 /* Debug */ = {
			isa = XCBuildConfiguration;
			buildSettings = {
				ASSETCATALOG_COMPILER_APPICON_NAME = AppIcon;
				ASSETCATALOG_COMPILER_GLOBAL_ACCENT_COLOR_NAME = AccentColor;
				CODE_SIGN_STYLE = Automatic;
				DEVELOPMENT_TEAM = RC3P65CS75;
				INFOPLIST_FILE = "$(SRCROOT)/ShootMetronome/Info.plist";
				LD_RUNPATH_SEARCH_PATHS = (
					"$(inherited)",
					"@executable_path/Frameworks",
				);
				PRODUCT_BUNDLE_IDENTIFIER = lowerBodyPower.ShootMetronome;
				PRODUCT_NAME = "$(TARGET_NAME)";
				SWIFT_VERSION = 5.0;
				TARGETED_DEVICE_FAMILY = "1,2";
			};
			name = Debug;
		};
		842D7C1E25DACE3900F05D40 /* Release */ = {
			isa = XCBuildConfiguration;
			buildSettings = {
				ASSETCATALOG_COMPILER_APPICON_NAME = AppIcon;
				ASSETCATALOG_COMPILER_GLOBAL_ACCENT_COLOR_NAME = AccentColor;
				CODE_SIGN_STYLE = Automatic;
				DEVELOPMENT_TEAM = RC3P65CS75;
				INFOPLIST_FILE = "$(SRCROOT)/ShootMetronome/Info.plist";
				LD_RUNPATH_SEARCH_PATHS = (
					"$(inherited)",
					"@executable_path/Frameworks",
				);
				PRODUCT_BUNDLE_IDENTIFIER = lowerBodyPower.ShootMetronome;
				PRODUCT_NAME = "$(TARGET_NAME)";
				SWIFT_VERSION = 5.0;
				TARGETED_DEVICE_FAMILY = "1,2";
			};
			name = Release;
		};
/* End XCBuildConfiguration section */

/* Begin XCConfigurationList section */
		842D7C0325DACE3500F05D40 /* Build configuration list for PBXProject "ShootMetronome" */ = {
			isa = XCConfigurationList;
			buildConfigurations = (
				842D7C1A25DACE3900F05D40 /* Debug */,
				842D7C1B25DACE3900F05D40 /* Release */,
			);
			defaultConfigurationIsVisible = 0;
			defaultConfigurationName = Release;
		};
		842D7C1C25DACE3900F05D40 /* Build configuration list for PBXNativeTarget "ShootMetronome" */ = {
			isa = XCConfigurationList;
			buildConfigurations = (
				842D7C1D25DACE3900F05D40 /* Debug */,
				842D7C1E25DACE3900F05D40 /* Release */,
			);
			defaultConfigurationIsVisible = 0;
			defaultConfigurationName = Release;
		};
/* End XCConfigurationList section */
	};
	rootObject = 842D7C0025DACE3500F05D40 /* Project object */;
}
